{
    "_readme": [
        "This file locks the dependencies of your project to a known state",
        "Read more about it at https://getcomposer.org/doc/01-basic-usage.md#installing-dependencies",
        "This file is @generated automatically"
    ],
    "content-hash": "c32aadfc57736271d35aa4f3e6b0b17f",
    "packages": [
        {
            "name": "jpi/utils",
            "version": "0.x-dev",
            "source": {
                "type": "git",
                "url": "https://github.com/jahidulpabelislam/utils.git",
                "reference": "3df2c1f603bdeb34b4074d5d3371e350f6f4dc02"
            },
            "dist": {
                "type": "zip",
                "url": "https://api.github.com/repos/jahidulpabelislam/utils/zipball/3df2c1f603bdeb34b4074d5d3371e350f6f4dc02",
                "reference": "3df2c1f603bdeb34b4074d5d3371e350f6f4dc02",
                "shasum": ""
            },
            "require": {
                "php": "^7.0"
            },
            "default-branch": true,
            "type": "library",
            "autoload": {
                "psr-4": {
                    "JPI\\Utils\\": "src/"
                }
            },
            "notification-url": "https://packagist.org/downloads/",
            "license": [
                "GPL-3.0-only"
            ],
            "authors": [
                {
                    "name": "Jahidul Pabel Islam",
                    "email": "me@jahidulpabelislam.com"
                }
            ],
            "description": "Library with various utility classes",
            "keywords": [
                "utilities"
            ],
            "support": {
                "issues": "https://github.com/jahidulpabelislam/utils/issues",
                "source": "https://github.com/jahidulpabelislam/utils/tree/v0.2.0"
            },
            "time": "2022-09-26T21:38:32+00:00"
        }
    ],
    "packages-dev": [],
    "aliases": [],
    "minimum-stability": "stable",
    "stability-flags": {
        "jpi/utils": 20
    },
    "prefer-stable": false,
    "prefer-lowest": false,
    "platform": [],
    "platform-dev": [],
    "plugin-api-version": "2.3.0"
}
