{
    "_readme": [
        "This file locks the dependencies of your project to a known state",
        "Read more about it at https://getcomposer.org/doc/01-basic-usage.md#installing-dependencies",
        "This file is @generated automatically"
    ],
    "content-hash": "b7a04ecf72f293590076336b1ba102d0",
    "packages": [
        {
            "name": "jpi/personal-core",
            "version": "1.x-dev",
            "source": {
                "type": "git",
                "url": "https://github.com/jahidulpabelislam/personal-core.git",
                "reference": "ee25fd9117b696b7ac80237c010fe85b5a8fbf20"
            },
            "dist": {
                "type": "zip",
                "url": "https://api.github.com/repos/jahidulpabelislam/personal-core/zipball/ee25fd9117b696b7ac80237c010fe85b5a8fbf20",
                "reference": "ee25fd9117b696b7ac80237c010fe85b5a8fbf20",
                "shasum": ""
            },
            "require": {
                "ext-json": "*",
                "jpi/utils": "1.x-dev",
                "php": "^8.0"
            },
            "default-branch": true,
            "type": "library",
            "autoload": {
                "psr-4": {
                    "JPI\\": "src/"
                }
            },
            "description": "Personal library with reusable bits for my sites.",
            "support": {
                "source": "https://github.com/jahidulpabelislam/personal-core/tree/v1.8.0",
                "issues": "https://github.com/jahidulpabelislam/personal-core/issues"
            },
            "time": "2026-02-14T16:27:20+00:00"
        },
        {
            "name": "jpi/utils",
            "version": "1.x-dev",
            "source": {
                "type": "git",
                "url": "https://github.com/jahidulpabelislam/utils.git",
                "reference": "7670fe48e8543ee569f8f415032c0f18b0b540e4"
            },
            "dist": {
                "type": "zip",
                "url": "https://api.github.com/repos/jahidulpabelislam/utils/zipball/7670fe48e8543ee569f8f415032c0f18b0b540e4",
                "reference": "7670fe48e8543ee569f8f415032c0f18b0b540e4",
                "shasum": ""
            },
            "require": {
                "php": "^8.0"
            },
            "require-dev": {
                "jpi/codestyles": "^1.0.1",
                "phpunit/phpunit": "^12.0"
            },
            "default-branch": true,
            "type": "library",
            "autoload": {
                "psr-4": {
                    "JPI\\Utils\\": "src/"
                }
            },
            "notification-url": "https://packagist.org/downloads/",
            "license": [
                "GPL-3.0-only"
            ],
            "authors": [
                {
                    "name": "Jahidul Pabel Islam",
                    "email": "me@jahidulpabelislam.com"
                }
            ],
            "description": "Library with various utility classes",
            "keywords": [
                "collection",
                "helpers",
                "singleton",
                "url",
                "utilities",
                "utility"
            ],
            "support": {
                "issues": "https://github.com/jahidulpabelislam/utils/issues",
                "source": "https://github.com/jahidulpabelislam/utils/tree/1.x"
            },
            "time": "2026-02-15T16:09:46+00:00"
        }
    ],
    "packages-dev": [],
    "aliases": [],
    "minimum-stability": "stable",
    "stability-flags": {
        "jpi/personal-core": 20,
        "jpi/utils": 20
    },
    "prefer-stable": false,
    "prefer-lowest": false,
    "platform": {
        "php": "^7.1 || ^8.0",
        "ext-curl": "*"
    },
    "platform-dev": {},
    "plugin-api-version": "2.6.0"
}
